
Microsoft Visual Studio Solution File, Format Version 12.00
# Visual Studio Version 17
VisualStudioVersion = 17.14.37216.2 d17.14
MinimumVisualStudioVersion = 10.0.40219.1
Project("{FAE04EC0-301F-11D3-BF4B-00C04F79EFBC}") = "ChessSharp", "ChessSharp\ChessSharp.csproj", "{F107EC3C-6FFF-4D44-97C0-0ABBCDE356F2}"
EndProject
Global
	GlobalSection(SolutionConfigurationPlatforms) = preSolution
		Debug|Any CPU = Debug|Any CPU
		Release|Any CPU = Release|Any CPU
	EndGlobalSection
	GlobalSection(ProjectConfigurationPlatforms) = postSolution
		{F107EC3C-6FFF-4D44-97C0-0ABBCDE356F2}.Debug|Any CPU.ActiveCfg = Debug|Any CPU
		{F107EC3C-6FFF-4D44-97C0-0ABBCDE356F2}.Debug|Any CPU.Build.0 = Debug|Any CPU
		{F107EC3C-6FFF-4D44-97C0-0ABBCDE356F2}.Release|Any CPU.ActiveCfg = Release|Any CPU
		{F107EC3C-6FFF-4D44-97C0-0ABBCDE356F2}.Release|Any CPU.Build.0 = Release|Any CPU
	EndGlobalSection
	GlobalSection(SolutionProperties) = preSolution
		HideSolutionNode = FALSE
	EndGlobalSection
	GlobalSection(ExtensibilityGlobals) = postSolution
		SolutionGuid = {0D092CF0-1689-4E5E-89CE-D433181976CA}
	EndGlobalSection
EndGlobal
